
Microsoft Visual Studio Solution File, Format Version 12.00
# Visual Studio Version 17
VisualStudioVersion = 17.5.33627.172
MinimumVisualStudioVersion = 10.0.40219.1
Project("{9A19103F-16F7-4668-BE54-9A1E7A4F7556}") = "SOLID", "SingleResponsabilityPrinciple\SOLID.csproj", "{F51A2D95-FCE7-4BE6-AB96-83115FAC6695}"
EndProject
Project("{9A19103F-16F7-4668-BE54-9A1E7A4F7556}") = "Open-Closed-Principle", "Open-Closed-Principle\Open-Closed-Principle.csproj", "{80877074-25B0-4AA1-A19B-D7D16DAD4233}"
EndProject
Project("{9A19103F-16F7-4668-BE54-9A1E7A4F7556}") = "Interfaces", "Interfaces\Interfaces.csproj", "{A90D948F-57BA-4437-A061-E6EF574CFF25}"
EndProject
Project("{9A19103F-16F7-4668-BE54-9A1E7A4F7556}") = "Services", "Services\Services.csproj", "{3C1CDF2A-8182-4DAC-BD58-255240E6C4FE}"
EndProject
Project("{9A19103F-16F7-4668-BE54-9A1E7A4F7556}") = "DependencyInjection", "DependencyInjection\DependencyInjection.csproj", "{DF2260CE-98C1-40FD-B90E-7F1D8A3F0319}"
EndProject
Project("{2150E333-8FDC-42A3-9474-1A3956D46DE8}") = "OCP", "OCP", "{BE1D6A2C-936E-48C5-B068-59E3FD893C99}"
EndProject
Project("{2150E333-8FDC-42A3-9474-1A3956D46DE8}") = "SRP_2404", "SRP_2404", "{1593E0F3-FA4B-49C5-A167-94E010B63B61}"
EndProject
Project("{9A19103F-16F7-4668-BE54-9A1E7A4F7556}") = "ConsoleApp_StandingsSoccer_SRP", "ConsoleApp_StandingsSoccer_SRP\ConsoleApp_StandingsSoccer_SRP.csproj", "{AB7C0CC6-123C-46BD-B910-7C12D44A5460}"
EndProject
Project("{2150E333-8FDC-42A3-9474-1A3956D46DE8}") = "OCP_2404", "OCP_2404", "{D40A3E05-FEF3-4D0E-AB2A-566B0044DEDC}"
EndProject
Project("{9A19103F-16F7-4668-BE54-9A1E7A4F7556}") = "ConsoleApp_StandingsSoccer_OCP", "ConsoleApp_StandingsSoccer_OCP\ConsoleApp_StandingsSoccer_OCP.csproj", "{819C2921-051C-4C42-9BDA-69E06D75F3C0}"
EndProject
Global
	GlobalSection(SolutionConfigurationPlatforms) = preSolution
		Debug|Any CPU = Debug|Any CPU
		Debug|ARM = Debug|ARM
		Debug|ARM64 = Debug|ARM64
		Debug|x64 = Debug|x64
		Debug|x86 = Debug|x86
		Release|Any CPU = Release|Any CPU
		Release|ARM = Release|ARM
		Release|ARM64 = Release|ARM64
		Release|x64 = Release|x64
		Release|x86 = Release|x86
	EndGlobalSection
	GlobalSection(ProjectConfigurationPlatforms) = postSolution
		{F51A2D95-FCE7-4BE6-AB96-83115FAC6695}.Debug|Any CPU.ActiveCfg = Debug|Any CPU
		{F51A2D95-FCE7-4BE6-AB96-83115FAC6695}.Debug|Any CPU.Build.0 = Debug|Any CPU
		{F51A2D95-FCE7-4BE6-AB96-83115FAC6695}.Debug|ARM.ActiveCfg = Debug|Any CPU
		{F51A2D95-FCE7-4BE6-AB96-83115FAC6695}.Debug|ARM.Build.0 = Debug|Any CPU
		{F51A2D95-FCE7-4BE6-AB96-83115FAC6695}.Debug|ARM64.ActiveCfg = Debug|Any CPU
		{F51A2D95-FCE7-4BE6-AB96-83115FAC6695}.Debug|ARM64.Build.0 = Debug|Any CPU
		{F51A2D95-FCE7-4BE6-AB96-83115FAC6695}.Debug|x64.ActiveCfg = Debug|Any CPU
		{F51A2D95-FCE7-4BE6-AB96-83115FAC6695}.Debug|x64.Build.0 = Debug|Any CPU
		{F51A2D95-FCE7-4BE6-AB96-83115FAC6695}.Debug|x86.ActiveCfg = Debug|Any CPU
		{F51A2D95-FCE7-4BE6-AB96-83115FAC6695}.Debug|x86.Build.0 = Debug|Any CPU
		{F51A2D95-FCE7-4BE6-AB96-83115FAC6695}.Release|Any CPU.ActiveCfg = Release|Any CPU
		{F51A2D95-FCE7-4BE6-AB96-83115FAC6695}.Release|Any CPU.Build.0 = Release|Any CPU
		{F51A2D95-FCE7-4BE6-AB96-83115FAC6695}.Release|ARM.ActiveCfg = Release|Any CPU
		{F51A2D95-FCE7-4BE6-AB96-83115FAC6695}.Release|ARM.Build.0 = Release|Any CPU
		{F51A2D95-FCE7-4BE6-AB96-83115FAC6695}.Release|ARM64.ActiveCfg = Release|Any CPU
		{F51A2D95-FCE7-4BE6-AB96-83115FAC6695}.Release|ARM64.Build.0 = Release|Any CPU
		{F51A2D95-FCE7-4BE6-AB96-83115FAC6695}.Release|x64.ActiveCfg = Release|Any CPU
		{F51A2D95-FCE7-4BE6-AB96-83115FAC6695}.Release|x64.Build.0 = Release|Any CPU
		{F51A2D95-FCE7-4BE6-AB96-83115FAC6695}.Release|x86.ActiveCfg = Release|Any CPU
		{F51A2D95-FCE7-4BE6-AB96-83115FAC6695}.Release|x86.Build.0 = Release|Any CPU
		{80877074-25B0-4AA1-A19B-D7D16DAD4233}.Debug|Any CPU.ActiveCfg = Debug|Any CPU
		{80877074-25B0-4AA1-A19B-D7D16DAD4233}.Debug|Any CPU.Build.0 = Debug|Any CPU
		{80877074-25B0-4AA1-A19B-D7D16DAD4233}.Debug|ARM.ActiveCfg = Debug|Any CPU
		{80877074-25B0-4AA1-A19B-D7D16DAD4233}.Debug|ARM.Build.0 = Debug|Any CPU
		{80877074-25B0-4AA1-A19B-D7D16DAD4233}.Debug|ARM64.ActiveCfg = Debug|Any CPU
		{80877074-25B0-4AA1-A19B-D7D16DAD4233}.Debug|ARM64.Build.0 = Debug|Any CPU
		{80877074-25B0-4AA1-A19B-D7D16DAD4233}.Debug|x64.ActiveCfg = Debug|Any CPU
		{80877074-25B0-4AA1-A19B-D7D16DAD4233}.Debug|x64.Build.0 = Debug|Any CPU
		{80877074-25B0-4AA1-A19B-D7D16DAD4233}.Debug|x86.ActiveCfg = Debug|Any CPU
		{80877074-25B0-4AA1-A19B-D7D16DAD4233}.Debug|x86.Build.0 = Debug|Any CPU
		{80877074-25B0-4AA1-A19B-D7D16DAD4233}.Release|Any CPU.ActiveCfg = Release|Any CPU
		{80877074-25B0-4AA1-A19B-D7D16DAD4233}.Release|Any CPU.Build.0 = Release|Any CPU
		{80877074-25B0-4AA1-A19B-D7D16DAD4233}.Release|ARM.ActiveCfg = Release|Any CPU
		{80877074-25B0-4AA1-A19B-D7D16DAD4233}.Release|ARM.Build.0 = Release|Any CPU
		{80877074-25B0-4AA1-A19B-D7D16DAD4233}.Release|ARM64.ActiveCfg = Release|Any CPU
		{80877074-25B0-4AA1-A19B-D7D16DAD4233}.Release|ARM64.Build.0 = Release|Any CPU
		{80877074-25B0-4AA1-A19B-D7D16DAD4233}.Release|x64.ActiveCfg = Release|Any CPU
		{80877074-25B0-4AA1-A19B-D7D16DAD4233}.Release|x64.Build.0 = Release|Any CPU
		{80877074-25B0-4AA1-A19B-D7D16DAD4233}.Release|x86.ActiveCfg = Release|Any CPU
		{80877074-25B0-4AA1-A19B-D7D16DAD4233}.Release|x86.Build.0 = Release|Any CPU
		{A90D948F-57BA-4437-A061-E6EF574CFF25}.Debug|Any CPU.ActiveCfg = Debug|Any CPU
		{A90D948F-57BA-4437-A061-E6EF574CFF25}.Debug|Any CPU.Build.0 = Debug|Any CPU
		{A90D948F-57BA-4437-A061-E6EF574CFF25}.Debug|ARM.ActiveCfg = Debug|Any CPU
		{A90D948F-57BA-4437-A061-E6EF574CFF25}.Debug|ARM.Build.0 = Debug|Any CPU
		{A90D948F-57BA-4437-A061-E6EF574CFF25}.Debug|ARM64.ActiveCfg = Debug|Any CPU
		{A90D948F-57BA-4437-A061-E6EF574CFF25}.Debug|ARM64.Build.0 = Debug|Any CPU
		{A90D948F-57BA-4437-A061-E6EF574CFF25}.Debug|x64.ActiveCfg = Debug|Any CPU
		{A90D948F-57BA-4437-A061-E6EF574CFF25}.Debug|x64.Build.0 = Debug|Any CPU
		{A90D948F-57BA-4437-A061-E6EF574CFF25}.Debug|x86.ActiveCfg = Debug|Any CPU
		{A90D948F-57BA-4437-A061-E6EF574CFF25}.Debug|x86.Build.0 = Debug|Any CPU
		{A90D948F-57BA-4437-A061-E6EF574CFF25}.Release|Any CPU.ActiveCfg = Release|Any CPU
		{A90D948F-57BA-4437-A061-E6EF574CFF25}.Release|Any CPU.Build.0 = Release|Any CPU
		{A90D948F-57BA-4437-A061-E6EF574CFF25}.Release|ARM.ActiveCfg = Release|Any CPU
		{A90D948F-57BA-4437-A061-E6EF574CFF25}.Release|ARM.Build.0 = Release|Any CPU
		{A90D948F-57BA-4437-A061-E6EF574CFF25}.Release|ARM64.ActiveCfg = Release|Any CPU
		{A90D948F-57BA-4437-A061-E6EF574CFF25}.Release|ARM64.Build.0 = Release|Any CPU
		{A90D948F-57BA-4437-A061-E6EF574CFF25}.Release|x64.ActiveCfg = Release|Any CPU
		{A90D948F-57BA-4437-A061-E6EF574CFF25}.Release|x64.Build.0 = Release|Any CPU
		{A90D948F-57BA-4437-A061-E6EF574CFF25}.Release|x86.ActiveCfg = Release|Any CPU
		{A90D948F-57BA-4437-A061-E6EF574CFF25}.Release|x86.Build.0 = Release|Any CPU
		{3C1CDF2A-8182-4DAC-BD58-255240E6C4FE}.Debug|Any CPU.ActiveCfg = Debug|Any CPU
		{3C1CDF2A-8182-4DAC-BD58-255240E6C4FE}.Debug|Any CPU.Build.0 = Debug|Any CPU
		{3C1CDF2A-8182-4DAC-BD58-255240E6C4FE}.Debug|ARM.ActiveCfg = Debug|Any CPU
		{3C1CDF2A-8182-4DAC-BD58-255240E6C4FE}.Debug|ARM.Build.0 = Debug|Any CPU
		{3C1CDF2A-8182-4DAC-BD58-255240E6C4FE}.Debug|ARM64.ActiveCfg = Debug|Any CPU
		{3C1CDF2A-8182-4DAC-BD58-255240E6C4FE}.Debug|ARM64.Build.0 = Debug|Any CPU
		{3C1CDF2A-8182-4DAC-BD58-255240E6C4FE}.Debug|x64.ActiveCfg = Debug|Any CPU
		{3C1CDF2A-8182-4DAC-BD58-255240E6C4FE}.Debug|x64.Build.0 = Debug|Any CPU
		{3C1CDF2A-8182-4DAC-BD58-255240E6C4FE}.Debug|x86.ActiveCfg = Debug|Any CPU
		{3C1CDF2A-8182-4DAC-BD58-255240E6C4FE}.Debug|x86.Build.0 = Debug|Any CPU
		{3C1CDF2A-8182-4DAC-BD58-255240E6C4FE}.Release|Any CPU.ActiveCfg = Release|Any CPU
		{3C1CDF2A-8182-4DAC-BD58-255240E6C4FE}.Release|Any CPU.Build.0 = Release|Any CPU
		{3C1CDF2A-8182-4DAC-BD58-255240E6C4FE}.Release|ARM.ActiveCfg = Release|Any CPU
		{3C1CDF2A-8182-4DAC-BD58-255240E6C4FE}.Release|ARM.Build.0 = Release|Any CPU
		{3C1CDF2A-8182-4DAC-BD58-255240E6C4FE}.Release|ARM64.ActiveCfg = Release|Any CPU
		{3C1CDF2A-8182-4DAC-BD58-255240E6C4FE}.Release|ARM64.Build.0 = Release|Any CPU
		{3C1CDF2A-8182-4DAC-BD58-255240E6C4FE}.Release|x64.ActiveCfg = Release|Any CPU
		{3C1CDF2A-8182-4DAC-BD58-255240E6C4FE}.Release|x64.Build.0 = Release|Any CPU
		{3C1CDF2A-8182-4DAC-BD58-255240E6C4FE}.Release|x86.ActiveCfg = Release|Any CPU
		{3C1CDF2A-8182-4DAC-BD58-255240E6C4FE}.Release|x86.Build.0 = Release|Any CPU
		{DF2260CE-98C1-40FD-B90E-7F1D8A3F0319}.Debug|Any CPU.ActiveCfg = Debug|Any CPU
		{DF2260CE-98C1-40FD-B90E-7F1D8A3F0319}.Debug|Any CPU.Build.0 = Debug|Any CPU
		{DF2260CE-98C1-40FD-B90E-7F1D8A3F0319}.Debug|ARM.ActiveCfg = Debug|Any CPU
		{DF2260CE-98C1-40FD-B90E-7F1D8A3F0319}.Debug|ARM.Build.0 = Debug|Any CPU
		{DF2260CE-98C1-40FD-B90E-7F1D8A3F0319}.Debug|ARM64.ActiveCfg = Debug|Any CPU
		{DF2260CE-98C1-40FD-B90E-7F1D8A3F0319}.Debug|ARM64.Build.0 = Debug|Any CPU
		{DF2260CE-98C1-40FD-B90E-7F1D8A3F0319}.Debug|x64.ActiveCfg = Debug|Any CPU
		{DF2260CE-98C1-40FD-B90E-7F1D8A3F0319}.Debug|x64.Build.0 = Debug|Any CPU
		{DF2260CE-98C1-40FD-B90E-7F1D8A3F0319}.Debug|x86.ActiveCfg = Debug|Any CPU
		{DF2260CE-98C1-40FD-B90E-7F1D8A3F0319}.Debug|x86.Build.0 = Debug|Any CPU
		{DF2260CE-98C1-40FD-B90E-7F1D8A3F0319}.Release|Any CPU.ActiveCfg = Release|Any CPU
		{DF2260CE-98C1-40FD-B90E-7F1D8A3F0319}.Release|Any CPU.Build.0 = Release|Any CPU
		{DF2260CE-98C1-40FD-B90E-7F1D8A3F0319}.Release|ARM.ActiveCfg = Release|Any CPU
		{DF2260CE-98C1-40FD-B90E-7F1D8A3F0319}.Release|ARM.Build.0 = Release|Any CPU
		{DF2260CE-98C1-40FD-B90E-7F1D8A3F0319}.Release|ARM64.ActiveCfg = Release|Any CPU
		{DF2260CE-98C1-40FD-B90E-7F1D8A3F0319}.Release|ARM64.Build.0 = Release|Any CPU
		{DF2260CE-98C1-40FD-B90E-7F1D8A3F0319}.Release|x64.ActiveCfg = Release|Any CPU
		{DF2260CE-98C1-40FD-B90E-7F1D8A3F0319}.Release|x64.Build.0 = Release|Any CPU
		{DF2260CE-98C1-40FD-B90E-7F1D8A3F0319}.Release|x86.ActiveCfg = Release|Any CPU
		{DF2260CE-98C1-40FD-B90E-7F1D8A3F0319}.Release|x86.Build.0 = Release|Any CPU
		{AB7C0CC6-123C-46BD-B910-7C12D44A5460}.Debug|Any CPU.ActiveCfg = Debug|Any CPU
		{AB7C0CC6-123C-46BD-B910-7C12D44A5460}.Debug|Any CPU.Build.0 = Debug|Any CPU
		{AB7C0CC6-123C-46BD-B910-7C12D44A5460}.Debug|ARM.ActiveCfg = Debug|Any CPU
		{AB7C0CC6-123C-46BD-B910-7C12D44A5460}.Debug|ARM.Build.0 = Debug|Any CPU
		{AB7C0CC6-123C-46BD-B910-7C12D44A5460}.Debug|ARM64.ActiveCfg = Debug|Any CPU
		{AB7C0CC6-123C-46BD-B910-7C12D44A5460}.Debug|ARM64.Build.0 = Debug|Any CPU
		{AB7C0CC6-123C-46BD-B910-7C12D44A5460}.Debug|x64.ActiveCfg = Debug|Any CPU
		{AB7C0CC6-123C-46BD-B910-7C12D44A5460}.Debug|x64.Build.0 = Debug|Any CPU
		{AB7C0CC6-123C-46BD-B910-7C12D44A5460}.Debug|x86.ActiveCfg = Debug|Any CPU
		{AB7C0CC6-123C-46BD-B910-7C12D44A5460}.Debug|x86.Build.0 = Debug|Any CPU
		{AB7C0CC6-123C-46BD-B910-7C12D44A5460}.Release|Any CPU.ActiveCfg = Release|Any CPU
		{AB7C0CC6-123C-46BD-B910-7C12D44A5460}.Release|Any CPU.Build.0 = Release|Any CPU
		{AB7C0CC6-123C-46BD-B910-7C12D44A5460}.Release|ARM.ActiveCfg = Release|Any CPU
		{AB7C0CC6-123C-46BD-B910-7C12D44A5460}.Release|ARM.Build.0 = Release|Any CPU
		{AB7C0CC6-123C-46BD-B910-7C12D44A5460}.Release|ARM64.ActiveCfg = Release|Any CPU
		{AB7C0CC6-123C-46BD-B910-7C12D44A5460}.Release|ARM64.Build.0 = Release|Any CPU
		{AB7C0CC6-123C-46BD-B910-7C12D44A5460}.Release|x64.ActiveCfg = Release|Any CPU
		{AB7C0CC6-123C-46BD-B910-7C12D44A5460}.Release|x64.Build.0 = Release|Any CPU
		{AB7C0CC6-123C-46BD-B910-7C12D44A5460}.Release|x86.ActiveCfg = Release|Any CPU
		{AB7C0CC6-123C-46BD-B910-7C12D44A5460}.Release|x86.Build.0 = Release|Any CPU
		{819C2921-051C-4C42-9BDA-69E06D75F3C0}.Debug|Any CPU.ActiveCfg = Debug|Any CPU
		{819C2921-051C-4C42-9BDA-69E06D75F3C0}.Debug|Any CPU.Build.0 = Debug|Any CPU
		{819C2921-051C-4C42-9BDA-69E06D75F3C0}.Debug|ARM.ActiveCfg = Debug|Any CPU
		{819C2921-051C-4C42-9BDA-69E06D75F3C0}.Debug|ARM.Build.0 = Debug|Any CPU
		{819C2921-051C-4C42-9BDA-69E06D75F3C0}.Debug|ARM64.ActiveCfg = Debug|Any CPU
		{819C2921-051C-4C42-9BDA-69E06D75F3C0}.Debug|ARM64.Build.0 = Debug|Any CPU
		{819C2921-051C-4C42-9BDA-69E06D75F3C0}.Debug|x64.ActiveCfg = Debug|Any CPU
		{819C2921-051C-4C42-9BDA-69E06D75F3C0}.Debug|x64.Build.0 = Debug|Any CPU
		{819C2921-051C-4C42-9BDA-69E06D75F3C0}.Debug|x86.ActiveCfg = Debug|Any CPU
		{819C2921-051C-4C42-9BDA-69E06D75F3C0}.Debug|x86.Build.0 = Debug|Any CPU
		{819C2921-051C-4C42-9BDA-69E06D75F3C0}.Release|Any CPU.ActiveCfg = Release|Any CPU
		{819C2921-051C-4C42-9BDA-69E06D75F3C0}.Release|Any CPU.Build.0 = Release|Any CPU
		{819C2921-051C-4C42-9BDA-69E06D75F3C0}.Release|ARM.ActiveCfg = Release|Any CPU
		{819C2921-051C-4C42-9BDA-69E06D75F3C0}.Release|ARM.Build.0 = Release|Any CPU
		{819C2921-051C-4C42-9BDA-69E06D75F3C0}.Release|ARM64.ActiveCfg = Release|Any CPU
		{819C2921-051C-4C42-9BDA-69E06D75F3C0}.Release|ARM64.Build.0 = Release|Any CPU
		{819C2921-051C-4C42-9BDA-69E06D75F3C0}.Release|x64.ActiveCfg = Release|Any CPU
		{819C2921-051C-4C42-9BDA-69E06D75F3C0}.Release|x64.Build.0 = Release|Any CPU
		{819C2921-051C-4C42-9BDA-69E06D75F3C0}.Release|x86.ActiveCfg = Release|Any CPU
		{819C2921-051C-4C42-9BDA-69E06D75F3C0}.Release|x86.Build.0 = Release|Any CPU
	EndGlobalSection
	GlobalSection(SolutionProperties) = preSolution
		HideSolutionNode = FALSE
	EndGlobalSection
	GlobalSection(NestedProjects) = preSolution
		{80877074-25B0-4AA1-A19B-D7D16DAD4233} = {BE1D6A2C-936E-48C5-B068-59E3FD893C99}
		{A90D948F-57BA-4437-A061-E6EF574CFF25} = {BE1D6A2C-936E-48C5-B068-59E3FD893C99}
		{3C1CDF2A-8182-4DAC-BD58-255240E6C4FE} = {BE1D6A2C-936E-48C5-B068-59E3FD893C99}
		{DF2260CE-98C1-40FD-B90E-7F1D8A3F0319} = {BE1D6A2C-936E-48C5-B068-59E3FD893C99}
		{AB7C0CC6-123C-46BD-B910-7C12D44A5460} = {1593E0F3-FA4B-49C5-A167-94E010B63B61}
		{819C2921-051C-4C42-9BDA-69E06D75F3C0} = {D40A3E05-FEF3-4D0E-AB2A-566B0044DEDC}
	EndGlobalSection
	GlobalSection(ExtensibilityGlobals) = postSolution
		SolutionGuid = {A9A176B4-E9F6-4376-B063-9FAF0BDEBA95}
	EndGlobalSection
EndGlobal
