
Microsoft Visual Studio Solution File, Format Version 12.00
# Visual Studio Version 17
VisualStudioVersion = 17.5.33424.131
MinimumVisualStudioVersion = 10.0.40219.1
Project("{2150E333-8FDC-42A3-9474-1A3956D46DE8}") = "1. Enterprise Business Rules", "1. Enterprise Business Rules", "{6FF41AAF-6D12-4B67-9E71-B2410A4FD43F}"
EndProject
Project("{2150E333-8FDC-42A3-9474-1A3956D46DE8}") = "2. Application Business Rules", "2. Application Business Rules", "{6D2BC643-E47D-4393-AACA-F7549FA57D85}"
EndProject
Project("{2150E333-8FDC-42A3-9474-1A3956D46DE8}") = "3. Interface Adapters", "3. Interface Adapters", "{25A172AE-2BB2-45A4-B601-6CD84C2AD1D8}"
EndProject
Project("{2150E333-8FDC-42A3-9474-1A3956D46DE8}") = "4. Frameworks And Drivers", "4. Frameworks And Drivers", "{CC0585A2-D736-4702-8BF5-196D0FB90617}"
EndProject
Project("{9A19103F-16F7-4668-BE54-9A1E7A4F7556}") = "NorthWind.Entities", "NorthWind.Entities\NorthWind.Entities.csproj", "{6B3125CE-ACC6-4080-A4CC-E4C793D6DEA6}"
EndProject
Project("{9A19103F-16F7-4668-BE54-9A1E7A4F7556}") = "NorthWind.Sales.BusinessObjects", "NorthWind.Sales.BusinessObjects\NorthWind.Sales.BusinessObjects.csproj", "{B7B25879-EACC-4898-94A9-DBCC13762FF5}"
EndProject
Project("{9A19103F-16F7-4668-BE54-9A1E7A4F7556}") = "NorthWind.Sales.UseCases", "NorthWind.Sales.UseCases\NorthWind.Sales.UseCases.csproj", "{FC0CFE50-F83E-4F1B-977D-7BE9A40CA2A2}"
EndProject
Project("{2150E333-8FDC-42A3-9474-1A3956D46DE8}") = "Gateways", "Gateways", "{4FA4635D-5DFF-4F4C-9271-42C122F96C09}"
EndProject
Project("{2150E333-8FDC-42A3-9474-1A3956D46DE8}") = "Repositories", "Repositories", "{4D9476BC-6F81-4007-9BF8-04E9ACCEB3B2}"
EndProject
Project("{9A19103F-16F7-4668-BE54-9A1E7A4F7556}") = "NorthWind.EFCore.Repositories", "NorthWind.EFCore.Repositories\NorthWind.EFCore.Repositories.csproj", "{C3CDE88B-B4DE-40E6-8CAE-23DE78853E95}"
EndProject
Project("{2150E333-8FDC-42A3-9474-1A3956D46DE8}") = "Presenters", "Presenters", "{3BAF0E6A-10E3-4368-BAC8-F05CBB580530}"
EndProject
Project("{9A19103F-16F7-4668-BE54-9A1E7A4F7556}") = "NorthWind.Sales.Presenters", "NorthWind.Sales.Presenters\NorthWind.Sales.Presenters.csproj", "{7F93EB40-4EB9-4C1F-AD5C-3940631848B2}"
EndProject
Project("{2150E333-8FDC-42A3-9474-1A3956D46DE8}") = "Controllers", "Controllers", "{1A613222-BF53-4F8E-8789-E416C851E4B2}"
EndProject
Project("{9A19103F-16F7-4668-BE54-9A1E7A4F7556}") = "NorthWind.Sales.Controllers", "NorthWind.Sales.Controllers\NorthWind.Sales.Controllers.csproj", "{7536631C-188A-48A8-BEA8-D4BB03E8CCCF}"
EndProject
Project("{9A19103F-16F7-4668-BE54-9A1E7A4F7556}") = "NorthWind.Sales.IoC", "NorthWind.Sales.IoC\NorthWind.Sales.IoC.csproj", "{764DE090-CD27-470E-AB6C-9E824F368799}"
EndProject
Project("{2150E333-8FDC-42A3-9474-1A3956D46DE8}") = "UIs", "UIs", "{35277F62-4937-4692-A614-2332AAE18AA1}"
EndProject
Project("{54A90642-561A-4BB1-A94E-469ADEE60C69}") = "Northwind.WebApp", "angularapp\Northwind.WebApp.esproj", "{D950E10B-66F1-4728-92CB-9C72B288E6A4}"
EndProject
Project("{9A19103F-16F7-4668-BE54-9A1E7A4F7556}") = "NorthWind.Sales.WebApi", "webapi\NorthWind.Sales.WebApi.csproj", "{7F7383CB-784F-4762-B660-651886DAD376}"
EndProject
Global
	GlobalSection(SolutionConfigurationPlatforms) = preSolution
		Debug|Any CPU = Debug|Any CPU
		Release|Any CPU = Release|Any CPU
	EndGlobalSection
	GlobalSection(ProjectConfigurationPlatforms) = postSolution
		{6B3125CE-ACC6-4080-A4CC-E4C793D6DEA6}.Debug|Any CPU.ActiveCfg = Debug|Any CPU
		{6B3125CE-ACC6-4080-A4CC-E4C793D6DEA6}.Debug|Any CPU.Build.0 = Debug|Any CPU
		{6B3125CE-ACC6-4080-A4CC-E4C793D6DEA6}.Release|Any CPU.ActiveCfg = Release|Any CPU
		{6B3125CE-ACC6-4080-A4CC-E4C793D6DEA6}.Release|Any CPU.Build.0 = Release|Any CPU
		{B7B25879-EACC-4898-94A9-DBCC13762FF5}.Debug|Any CPU.ActiveCfg = Debug|Any CPU
		{B7B25879-EACC-4898-94A9-DBCC13762FF5}.Debug|Any CPU.Build.0 = Debug|Any CPU
		{B7B25879-EACC-4898-94A9-DBCC13762FF5}.Release|Any CPU.ActiveCfg = Release|Any CPU
		{B7B25879-EACC-4898-94A9-DBCC13762FF5}.Release|Any CPU.Build.0 = Release|Any CPU
		{FC0CFE50-F83E-4F1B-977D-7BE9A40CA2A2}.Debug|Any CPU.ActiveCfg = Debug|Any CPU
		{FC0CFE50-F83E-4F1B-977D-7BE9A40CA2A2}.Debug|Any CPU.Build.0 = Debug|Any CPU
		{FC0CFE50-F83E-4F1B-977D-7BE9A40CA2A2}.Release|Any CPU.ActiveCfg = Release|Any CPU
		{FC0CFE50-F83E-4F1B-977D-7BE9A40CA2A2}.Release|Any CPU.Build.0 = Release|Any CPU
		{C3CDE88B-B4DE-40E6-8CAE-23DE78853E95}.Debug|Any CPU.ActiveCfg = Debug|Any CPU
		{C3CDE88B-B4DE-40E6-8CAE-23DE78853E95}.Debug|Any CPU.Build.0 = Debug|Any CPU
		{C3CDE88B-B4DE-40E6-8CAE-23DE78853E95}.Release|Any CPU.ActiveCfg = Release|Any CPU
		{C3CDE88B-B4DE-40E6-8CAE-23DE78853E95}.Release|Any CPU.Build.0 = Release|Any CPU
		{7F93EB40-4EB9-4C1F-AD5C-3940631848B2}.Debug|Any CPU.ActiveCfg = Debug|Any CPU
		{7F93EB40-4EB9-4C1F-AD5C-3940631848B2}.Debug|Any CPU.Build.0 = Debug|Any CPU
		{7F93EB40-4EB9-4C1F-AD5C-3940631848B2}.Release|Any CPU.ActiveCfg = Release|Any CPU
		{7F93EB40-4EB9-4C1F-AD5C-3940631848B2}.Release|Any CPU.Build.0 = Release|Any CPU
		{7536631C-188A-48A8-BEA8-D4BB03E8CCCF}.Debug|Any CPU.ActiveCfg = Debug|Any CPU
		{7536631C-188A-48A8-BEA8-D4BB03E8CCCF}.Debug|Any CPU.Build.0 = Debug|Any CPU
		{7536631C-188A-48A8-BEA8-D4BB03E8CCCF}.Release|Any CPU.ActiveCfg = Release|Any CPU
		{7536631C-188A-48A8-BEA8-D4BB03E8CCCF}.Release|Any CPU.Build.0 = Release|Any CPU
		{764DE090-CD27-470E-AB6C-9E824F368799}.Debug|Any CPU.ActiveCfg = Debug|Any CPU
		{764DE090-CD27-470E-AB6C-9E824F368799}.Debug|Any CPU.Build.0 = Debug|Any CPU
		{764DE090-CD27-470E-AB6C-9E824F368799}.Release|Any CPU.ActiveCfg = Release|Any CPU
		{764DE090-CD27-470E-AB6C-9E824F368799}.Release|Any CPU.Build.0 = Release|Any CPU
		{D950E10B-66F1-4728-92CB-9C72B288E6A4}.Debug|Any CPU.ActiveCfg = Debug|Any CPU
		{D950E10B-66F1-4728-92CB-9C72B288E6A4}.Debug|Any CPU.Build.0 = Debug|Any CPU
		{D950E10B-66F1-4728-92CB-9C72B288E6A4}.Debug|Any CPU.Deploy.0 = Debug|Any CPU
		{D950E10B-66F1-4728-92CB-9C72B288E6A4}.Release|Any CPU.ActiveCfg = Release|Any CPU
		{D950E10B-66F1-4728-92CB-9C72B288E6A4}.Release|Any CPU.Build.0 = Release|Any CPU
		{D950E10B-66F1-4728-92CB-9C72B288E6A4}.Release|Any CPU.Deploy.0 = Release|Any CPU
		{7F7383CB-784F-4762-B660-651886DAD376}.Debug|Any CPU.ActiveCfg = Debug|Any CPU
		{7F7383CB-784F-4762-B660-651886DAD376}.Debug|Any CPU.Build.0 = Debug|Any CPU
		{7F7383CB-784F-4762-B660-651886DAD376}.Release|Any CPU.ActiveCfg = Release|Any CPU
		{7F7383CB-784F-4762-B660-651886DAD376}.Release|Any CPU.Build.0 = Release|Any CPU
	EndGlobalSection
	GlobalSection(SolutionProperties) = preSolution
		HideSolutionNode = FALSE
	EndGlobalSection
	GlobalSection(NestedProjects) = preSolution
		{6B3125CE-ACC6-4080-A4CC-E4C793D6DEA6} = {6FF41AAF-6D12-4B67-9E71-B2410A4FD43F}
		{B7B25879-EACC-4898-94A9-DBCC13762FF5} = {6D2BC643-E47D-4393-AACA-F7549FA57D85}
		{FC0CFE50-F83E-4F1B-977D-7BE9A40CA2A2} = {6D2BC643-E47D-4393-AACA-F7549FA57D85}
		{4FA4635D-5DFF-4F4C-9271-42C122F96C09} = {25A172AE-2BB2-45A4-B601-6CD84C2AD1D8}
		{4D9476BC-6F81-4007-9BF8-04E9ACCEB3B2} = {4FA4635D-5DFF-4F4C-9271-42C122F96C09}
		{C3CDE88B-B4DE-40E6-8CAE-23DE78853E95} = {4D9476BC-6F81-4007-9BF8-04E9ACCEB3B2}
		{3BAF0E6A-10E3-4368-BAC8-F05CBB580530} = {25A172AE-2BB2-45A4-B601-6CD84C2AD1D8}
		{7F93EB40-4EB9-4C1F-AD5C-3940631848B2} = {3BAF0E6A-10E3-4368-BAC8-F05CBB580530}
		{1A613222-BF53-4F8E-8789-E416C851E4B2} = {25A172AE-2BB2-45A4-B601-6CD84C2AD1D8}
		{7536631C-188A-48A8-BEA8-D4BB03E8CCCF} = {1A613222-BF53-4F8E-8789-E416C851E4B2}
		{764DE090-CD27-470E-AB6C-9E824F368799} = {25A172AE-2BB2-45A4-B601-6CD84C2AD1D8}
		{35277F62-4937-4692-A614-2332AAE18AA1} = {CC0585A2-D736-4702-8BF5-196D0FB90617}
		{D950E10B-66F1-4728-92CB-9C72B288E6A4} = {35277F62-4937-4692-A614-2332AAE18AA1}
		{7F7383CB-784F-4762-B660-651886DAD376} = {35277F62-4937-4692-A614-2332AAE18AA1}
	EndGlobalSection
	GlobalSection(ExtensibilityGlobals) = postSolution
		SolutionGuid = {CC81B508-961F-4933-BF24-A33D7469A077}
	EndGlobalSection
EndGlobal
